Microsoft Visual Studio Solution File, Format Version 12.00
# Visual Studio Version 17
VisualStudioVersion = 17.0.31912.275
MinimumVisualStudioVersion = 10.0.40219.1
Project("{FAE04EC0-301F-11D3-BF4B-00C04F79EFBC}") = "AutoTrader", "AutoTrader.csproj", "{FF3546F0-440B-42A3-B9BE-9917BBD2740A}"
EndProject
Project("{FAE04EC0-301F-11D3-BF4B-00C04F79EFBC}") = "AutoTraderTests", "AutoTraderTests\\AutoTraderTests.csproj", "{E07A8843-0FA0-4A54-AF46-C3FA91064D0C}"
EndProject
Global
    GlobalSection(SolutionConfigurationPlatforms) = preSolution
        Debug|Any CPU = Debug|Any CPU
        Release|Any CPU = Release|Any CPU
    EndGlobalSection
    GlobalSection(ProjectConfigurationPlatforms) = postSolution
        {FF3546F0-440B-42A3-B9BE-9917BBD2740A}.Debug|Any CPU.ActiveCfg = Debug|Any CPU
        {FF3546F0-440B-42A3-B9BE-9917BBD2740A}.Debug|Any CPU.Build.0 = Debug|Any CPU
        {FF3546F0-440B-42A3-B9BE-9917BBD2740A}.Release|Any CPU.ActiveCfg = Release|Any CPU
        {FF3546F0-440B-42A3-B9BE-9917BBD2740A}.Release|Any CPU.Build.0 = Release|Any CPU
        {E07A8843-0FA0-4A54-AF46-C3FA91064D0C}.Debug|Any CPU.ActiveCfg = Debug|Any CPU
        {E07A8843-0FA0-4A54-AF46-C3FA91064D0C}.Debug|Any CPU.Build.0 = Debug|Any CPU
        {E07A8843-0FA0-4A54-AF46-C3FA91064D0C}.Release|Any CPU.ActiveCfg = Release|Any CPU
        {E07A8843-0FA0-4A54-AF46-C3FA91064D0C}.Release|Any CPU.Build.0 = Release|Any CPU
    EndGlobalSection
    GlobalSection(SolutionProperties) = preSolution
        HideSolutionNode = FALSE
    EndGlobalSection
EndGlobal
